// !$*UTF8*$!
{
	archiveVersion = 1;
	classes = {
	};
	objectVersion = 46;
	objects = {

/* Begin PBXBuildFile section */
		6918A7271CC71BBE009B2A11 /* main.m in Sources */ = {isa = PBXBuildFile; fileRef = 6918A7261CC71BBE009B2A11 /* main.m */; };
		6918A72A1CC71BBE009B2A11 /* AppDelegate.m in Sources */ = {isa = PBXBuildFile; fileRef = 6918A7291CC71BBE009B2A11 /* AppDelegate.m */; };
		6918A72D1CC71BBE009B2A11 /* ViewController.m in Sources */ = {isa = PBXBuildFile; fileRef = 6918A72C1CC71BBE009B2A11 /* ViewController.m */; };
		6918A7301CC71BBE009B2A11 /* Main.storyboard in Resources */ = {isa = PBXBuildFile; fileRef = 6918A72E1CC71BBE009B2A11 /* Main.storyboard */; };
		6918A7321CC71BBE009B2A11 /* Assets.xcassets in Resources */ = {isa = PBXBuildFile; fileRef = 6918A7311CC71BBE009B2A11 /* Assets.xcassets */; };
		6918A7351CC71BBE009B2A11 /* LaunchScreen.storyboard in Resources */ = {isa = PBXBuildFile; fileRef = 6918A7331CC71BBE009B2A11 /* LaunchScreen.storyboard */; };
		6918A7401CC71BBE009B2A11 /* HM2Tests.m in Sources */ = {isa = PBXBuildFile; fileRef = 6918A73F1CC71BBE009B2A11 /* HM2Tests.m */; };
		6918A74B1CC71BBE009B2A11 /* HM2UITests.m in Sources */ = {isa = PBXBuildFile; fileRef = 6918A74A1CC71BBE009B2A11 /* HM2UITests.m */; };
/* End PBXBuildFile section */

/* Begin PBXContainerItemProxy section */
		6918A73C1CC71BBE009B2A11 /* PBXContainerItemProxy */ = {
			isa = PBXContainerItemProxy;
			containerPortal = 6918A71A1CC71BBE009B2A11 /* Project object */;
			proxyType = 1;
			remoteGlobalIDString = 6918A7211CC71BBE009B2A11;
			remoteInfo = HM2;
		};
		6918A7471CC71BBE009B2A11 /* PBXContainerItemProxy */ = {
			isa = PBXContainerItemProxy;
			containerPortal = 6918A71A1CC71BBE009B2A11 /* Project object */;
			proxyType = 1;
			remoteGlobalIDString = 6918A7211CC71BBE009B2A11;
			remoteInfo = HM2;
		};
/* End PBXContainerItemProxy section */

/* Begin PBXFileReference section */
		6918A7221CC71BBE009B2A11 /* HM2.app */ = {isa = PBXFileReference; explicitFileType = wrapper.application; includeInIndex = 0; path = HM2.app; sourceTree = BUILT_PRODUCTS_DIR; };
		6918A7261CC71BBE009B2A11 /* main.m */ = {isa = PBXFileReference; lastKnownFileType = sourcecode.c.objc; path = main.m; sourceTree = "<group>"; };
		6918A7281CC71BBE009B2A11 /* AppDelegate.h */ = {isa = PBXFileReference; lastKnownFileType = sourcecode.c.h; path = AppDelegate.h; sourceTree = "<group>"; };
		6918A7291CC71BBE009B2A11 /* AppDelegate.m */ = {isa = PBXFileReference; lastKnownFileType = sourcecode.c.objc; path = AppDelegate.m; sourceTree = "<group>"; };
		6918A72B1CC71BBE009B2A11 /* ViewController.h */ = {isa = PBXFileReference; lastKnownFileType = sourcecode.c.h; path = ViewController.h; sourceTree = "<group>"; };
		6918A72C1CC71BBE009B2A11 /* ViewController.m */ = {isa = PBXFileReference; lastKnownFileType = sourcecode.c.objc; path = ViewController.m; sourceTree = "<group>"; };
		6918A72F1CC71BBE009B2A11 /* Base */ = {isa = PBXFileReference; lastKnownFileType = file.storyboard; name = Base; path = Base.lproj/Main.storyboard; sourceTree = "<group>"; };
		6918A7311CC71BBE009B2A11 /* Assets.xcassets */ = {isa = PBXFileReference; lastKnownFileType = folder.assetcatalog; path = Assets.xcassets; sourceTree = "<group>"; };
		6918A7341CC71BBE009B2A11 /* Base */ = {isa = PBXFileReference; lastKnownFileType = file.storyboard; name = Base; path = Base.lproj/LaunchScreen.storyboard; sourceTree = "<group>"; };
		6918A7361CC71BBE009B2A11 /* Info.plist */ = {isa = PBXFileReference; lastKnownFileType = text.plist.xml; path = Info.plist; sourceTree = "<group>"; };
		6918A73B1CC71BBE009B2A11 /* HM2Tests.xctest */ = {isa = PBXFileReference; explicitFileType = wrapper.cfbundle; includeInIndex = 0; path = HM2Tests.xctest; sourceTree = BUILT_PRODUCTS_DIR; };
		6918A73F1CC71BBE009B2A11 /* HM2Tests.m */ = {isa = PBXFileReference; lastKnownFileType = sourcecode.c.objc; path = HM2Tests.m; sourceTree = "<group>"; };
		6918A7411CC71BBE009B2A11 /* Info.plist */ = {isa = PBXFileReference; lastKnownFileType = text.plist.xml; path = Info.plist; sourceTree = "<group>"; };
		6918A7461CC71BBE009B2A11 /* HM2UITests.xctest */ = {isa = PBXFileReference; explicitFileType = wrapper.cfbundle; includeInIndex = 0; path = HM2UITests.xctest; sourceTree = BUILT_PRODUCTS_DIR; };
		6918A74A1CC71BBE009B2A11 /* HM2UITests.m */ = {isa = PBXFileReference; lastKnownFileType = sourcecode.c.objc; path = HM2UITests.m; sourceTree = "<group>"; };
		6918A74C1CC71BBE009B2A11 /* Info.plist */ = {isa = PBXFileReference; lastKnownFileType = text.plist.xml; path = Info.plist; sourceTree = "<group>"; };
/* End PBXFileReference section */

/* Begin PBXFrameworksBuildPhase section */
		6918A71F1CC71BBE009B2A11 /* Frameworks */ = {
			isa = PBXFrameworksBuildPhase;
			buildActionMask = 2147483647;
			files = (
			);
			runOnlyForDeploymentPostprocessing = 0;
		};
		6918A7381CC71BBE009B2A11 /* Frameworks */ = {
			isa = PBXFrameworksBuildPhase;
			buildActionMask = 2147483647;
			files = (
			);
			runOnlyForDeploymentPostprocessing = 0;
		};
		6918A7431CC71BBE009B2A11 /* Frameworks */ = {
			isa = PBXFrameworksBuildPhase;
			buildActionMask = 2147483647;
			files = (
			);
			runOnlyForDeploymentPostprocessing = 0;
		};
/* End PBXFrameworksBuildPhase section */

/* Begin PBXGroup section */
		6918A7191CC71BBE009B2A11 = {
			isa = PBXGroup;
			children = (
				6918A7241CC71BBE009B2A11 /* HM2 */,
				6918A73E1CC71BBE009B2A11 /* HM2Tests */,
				6918A7491CC71BBE009B2A11 /* HM2UITests */,
				6918A7231CC71BBE009B2A11 /* Products */,
			);
			sourceTree = "<group>";
		};
		6918A7231CC71BBE009B2A11 /* Products */ = {
			isa = PBXGroup;
			children = (
				6918A7221CC71BBE009B2A11 /* HM2.app */,
				6918A73B1CC71BBE009B2A11 /* HM2Tests.xctest */,
				6918A7461CC71BBE009B2A11 /* HM2UITests.xctest */,
			);
			name = Products;
			sourceTree = "<group>";
		};
		6918A7241CC71BBE009B2A11 /* HM2 */ = {
			isa = PBXGroup;
			children = (
				6918A7281CC71BBE009B2A11 /* AppDelegate.h */,
				6918A7291CC71BBE009B2A11 /* AppDelegate.m */,
				6918A72B1CC71BBE009B2A11 /* ViewController.h */,
				6918A72C1CC71BBE009B2A11 /* ViewController.m */,
				6918A72E1CC71BBE009B2A11 /* Main.storyboard */,
				6918A7311CC71BBE009B2A11 /* Assets.xcassets */,
				6918A7331CC71BBE009B2A11 /* LaunchScreen.storyboard */,
				6918A7361CC71BBE009B2A11 /* Info.plist */,
				6918A7251CC71BBE009B2A11 /* Supporting Files */,
			);
			path = HM2;
			sourceTree = "<group>";
		};
		6918A7251CC71BBE009B2A11 /* Supporting Files */ = {
			isa = PBXGroup;
			children = (
				6918A7261CC71BBE009B2A11 /* main.m */,
			);
			name = "Supporting Files";
			sourceTree = "<group>";
		};
		6918A73E1CC71BBE009B2A11 /* HM2Tests */ = {
			isa = PBXGroup;
			children = (
				6918A73F1CC71BBE009B2A11 /* HM2Tests.m */,
				6918A7411CC71BBE009B2A11 /* Info.plist */,
			);
			path = HM2Tests;
			sourceTree = "<group>";
		};
		6918A7491CC71BBE009B2A11 /* HM2UITests */ = {
			isa = PBXGroup;
			children = (
				6918A74A1CC71BBE009B2A11 /* HM2UITests.m */,
				6918A74C1CC71BBE009B2A11 /* Info.plist */,
			);
			path = HM2UITests;
			sourceTree = "<group>";
		};
/* End PBXGroup section */

/* Begin PBXNativeTarget section */
		6918A7211CC71BBE009B2A11 /* HM2 */ = {
			isa = PBXNativeTarget;
			buildConfigurationList = 6918A74F1CC71BBE009B2A11 /* Build configuration list for PBXNativeTarget "HM2" */;
			buildPhases = (
				6918A71E1CC71BBE009B2A11 /* Sources */,
				6918A71F1CC71BBE009B2A11 /* Frameworks */,
				6918A7201CC71BBE009B2A11 /* Resources */,
			);
			buildRules = (
			);
			dependencies = (
			);
			name = HM2;
			productName = HM2;
			productReference = 6918A7221CC71BBE009B2A11 /* HM2.app */;
			productType = "com.apple.product-type.application";
		};
		6918A73A1CC71BBE009B2A11 /* HM2Tests */ = {
			isa = PBXNativeTarget;
			buildConfigurationList = 6918A7521CC71BBE009B2A11 /* Build configuration list for PBXNativeTarget "HM2Tests" */;
			buildPhases = (
				6918A7371CC71BBE009B2A11 /* Sources */,
				6918A7381CC71BBE009B2A11 /* Frameworks */,
				6918A7391CC71BBE009B2A11 /* Resources */,
			);
			buildRules = (
			);
			dependencies = (
				6918A73D1CC71BBE009B2A11 /* PBXTargetDependency */,
			);
			name = HM2Tests;
			productName = HM2Tests;
			productReference = 6918A73B1CC71BBE009B2A11 /* HM2Tests.xctest */;
			productType = "com.apple.product-type.bundle.unit-test";
		};
		6918A7451CC71BBE009B2A11 /* HM2UITests */ = {
			isa = PBXNativeTarget;
			buildConfigurationList = 6918A7551CC71BBE009B2A11 /* Build configuration list for PBXNativeTarget "HM2UITests" */;
			buildPhases = (
				6918A7421CC71BBE009B2A11 /* Sources */,
				6918A7431CC71BBE009B2A11 /* Frameworks */,
				6918A7441CC71BBE009B2A11 /* Resources */,
			);
			buildRules = (
			);
			dependencies = (
				6918A7481CC71BBE009B2A11 /* PBXTargetDependency */,
			);
			name = HM2UITests;
			productName = HM2UITests;
			productReference = 6918A7461CC71BBE009B2A11 /* HM2UITests.xctest */;
			productType = "com.apple.product-type.bundle.ui-testing";
		};
/* End PBXNativeTarget section */

/* Begin PBXProject section */
		6918A71A1CC71BBE009B2A11 /* Project object */ = {
			isa = PBXProject;
			attributes = {
				LastUpgradeCheck = 0720;
				ORGANIZATIONNAME = JqlLove;
				TargetAttributes = {
					6918A7211CC71BBE009B2A11 = {
						CreatedOnToolsVersion = 7.2.1;
					};
					6918A73A1CC71BBE009B2A11 = {
						CreatedOnToolsVersion = 7.2.1;
						TestTargetID = 6918A7211CC71BBE009B2A11;
					};
					6918A7451CC71BBE009B2A11 = {
						CreatedOnToolsVersion = 7.2.1;
						TestTargetID = 6918A7211CC71BBE009B2A11;
					};
				};
			};
			buildConfigurationList = 6918A71D1CC71BBE009B2A11 /* Build configuration list for PBXProject "HM2" */;
			compatibilityVersion = "Xcode 3.2";
			developmentRegion = English;
			hasScannedForEncodings = 0;
			knownRegions = (
				en,
				Base,
			);
			mainGroup = 6918A7191CC71BBE009B2A11;
			productRefGroup = 6918A7231CC71BBE009B2A11 /* Products */;
			projectDirPath = "";
			projectRoot = "";
			targets = (
				6918A7211CC71BBE009B2A11 /* HM2 */,
				6918A73A1CC71BBE009B2A11 /* HM2Tests */,
				6918A7451CC71BBE009B2A11 /* HM2UITests */,
			);
		};
/* End PBXProject section */

/* Begin PBXResourcesBuildPhase section */
		6918A7201CC71BBE009B2A11 /* Resources */ = {
			isa = PBXResourcesBuildPhase;
			buildActionMask = 2147483647;
			files = (
				6918A7351CC71BBE009B2A11 /* LaunchScreen.storyboard in Resources */,
				6918A7321CC71BBE009B2A11 /* Assets.xcassets in Resources */,
				6918A7301CC71BBE009B2A11 /* Main.storyboard in Resources */,
			);
			runOnlyForDeploymentPostprocessing = 0;
		};
		6918A7391CC71BBE009B2A11 /* Resources */ = {
			isa = PBXResourcesBuildPhase;
			buildActionMask = 2147483647;
			files = (
			);
			runOnlyForDeploymentPostprocessing = 0;
		};
		6918A7441CC71BBE009B2A11 /* Resources */ = {
			isa = PBXResourcesBuildPhase;
			buildActionMask = 2147483647;
			files = (
			);
			runOnlyForDeploymentPostprocessing = 0;
		};
/* End PBXResourcesBuildPhase section */

/* Begin PBXSourcesBuildPhase section */
		6918A71E1CC71BBE009B2A11 /* Sources */ = {
			isa = PBXSourcesBuildPhase;
			buildActionMask = 2147483647;
			files = (
				6918A72D1CC71BBE009B2A11 /* ViewController.m in Sources */,
				6918A72A1CC71BBE009B2A11 /* AppDelegate.m in Sources */,
				6918A7271CC71BBE009B2A11 /* main.m in Sources */,
			);
			runOnlyForDeploymentPostprocessing = 0;
		};
		6918A7371CC71BBE009B2A11 /* Sources */ = {
			isa = PBXSourcesBuildPhase;
			buildActionMask = 2147483647;
			files = (
				6918A7401CC71BBE009B2A11 /* HM2Tests.m in Sources */,
			);
			runOnlyForDeploymentPostprocessing = 0;
		};
		6918A7421CC71BBE009B2A11 /* Sources */ = {
			isa = PBXSourcesBuildPhase;
			buildActionMask = 2147483647;
			files = (
				6918A74B1CC71BBE009B2A11 /* HM2UITests.m in Sources */,
			);
			runOnlyForDeploymentPostprocessing = 0;
		};
/* End PBXSourcesBuildPhase section */

/* Begin PBXTargetDependency section */
		6918A73D1CC71BBE009B2A11 /* PBXTargetDependency */ = {
			isa = PBXTargetDependency;
			target = 6918A7211CC71BBE009B2A11 /* HM2 */;
			targetProxy = 6918A73C1CC71BBE009B2A11 /* PBXContainerItemProxy */;
		};
		6918A7481CC71BBE009B2A11 /* PBXTargetDependency */ = {
			isa = PBXTargetDependency;
			target = 6918A7211CC71BBE009B2A11 /* HM2 */;
			targetProxy = 6918A7471CC71BBE009B2A11 /* PBXContainerItemProxy */;
		};
/* End PBXTargetDependency section */

/* Begin PBXVariantGroup section */
		6918A72E1CC71BBE009B2A11 /* Main.storyboard */ = {
			isa = PBXVariantGroup;
			children = (
				6918A72F1CC71BBE009B2A11 /* Base */,
			);
			name = Main.storyboard;
			sourceTree = "<group>";
		};
		6918A7331CC71BBE009B2A11 /* LaunchScreen.storyboard */ = {
			isa = PBXVariantGroup;
			children = (
				6918A7341CC71BBE009B2A11 /* Base */,
			);
			name = LaunchScreen.storyboard;
			sourceTree = "<group>";
		};
/* End PBXVariantGroup section */

/* Begin XCBuildConfiguration section */
		6918A74D1CC71BBE009B2A11 /* Debug */ = {
			isa = XCBuildConfiguration;
			buildSettings = {
				ALWAYS_SEARCH_USER_PATHS = NO;
				CLANG_CXX_LANGUAGE_STANDARD = "gnu++0x";
				CLANG_CXX_LIBRARY = "libc++";
				CLANG_ENABLE_MODULES = YES;
				CLANG_ENABLE_OBJC_ARC = YES;
				CLANG_WARN_BOOL_CONVERSION = YES;
				CLANG_WARN_CONSTANT_CONVERSION = YES;
				CLANG_WARN_DIRECT_OBJC_ISA_USAGE = YES_ERROR;
				CLANG_WARN_EMPTY_BODY = YES;
				CLANG_WARN_ENUM_CONVERSION = YES;
				CLANG_WARN_INT_CONVERSION = YES;
				CLANG_WARN_OBJC_ROOT_CLASS = YES_ERROR;
				CLANG_WARN_UNREACHABLE_CODE = YES;
				CLANG_WARN__DUPLICATE_METHOD_MATCH = YES;
				"CODE_SIGN_IDENTITY[sdk=iphoneos*]" = "iPhone Developer";
				COPY_PHASE_STRIP = NO;
				DEBUG_INFORMATION_FORMAT = dwarf;
				ENABLE_STRICT_OBJC_MSGSEND = YES;
				ENABLE_TESTABILITY = YES;
				GCC_C_LANGUAGE_STANDARD = gnu99;
				GCC_DYNAMIC_NO_PIC = NO;
				GCC_NO_COMMON_BLOCKS = YES;
				GCC_OPTIMIZATION_LEVEL = 0;
				GCC_PREPROCESSOR_DEFINITIONS = (
					"DEBUG=1",
					"$(inherited)",
				);
				GCC_WARN_64_TO_32_BIT_CONVERSION = YES;
				GCC_WARN_ABOUT_RETURN_TYPE = YES_ERROR;
				GCC_WARN_UNDECLARED_SELECTOR = YES;
				GCC_WARN_UNINITIALIZED_AUTOS = YES_AGGRESSIVE;
				GCC_WARN_UNUSED_FUNCTION = YES;
				GCC_WARN_UNUSED_VARIABLE = YES;
				IPHONEOS_DEPLOYMENT_TARGET = 9.2;
				MTL_ENABLE_DEBUG_INFO = YES;
				ONLY_ACTIVE_ARCH = YES;
				SDKROOT = iphoneos;
			};
			name = Debug;
		};
		6918A74E1CC71BBE009B2A11 /* Release */ = {
			isa = XCBuildConfiguration;
			buildSettings = {
				ALWAYS_SEARCH_USER_PATHS = NO;
				CLANG_CXX_LANGUAGE_STANDARD = "gnu++0x";
				CLANG_CXX_LIBRARY = "libc++";
				CLANG_ENABLE_MODULES = YES;
				CLANG_ENABLE_OBJC_ARC = YES;
				CLANG_WARN_BOOL_CONVERSION = YES;
				CLANG_WARN_CONSTANT_CONVERSION = YES;
				CLANG_WARN_DIRECT_OBJC_ISA_USAGE = YES_ERROR;
				CLANG_WARN_EMPTY_BODY = YES;
				CLANG_WARN_ENUM_CONVERSION = YES;
				CLANG_WARN_INT_CONVERSION = YES;
				CLANG_WARN_OBJC_ROOT_CLASS = YES_ERROR;
				CLANG_WARN_UNREACHABLE_CODE = YES;
				CLANG_WARN__DUPLICATE_METHOD_MATCH = YES;
				"CODE_SIGN_IDENTITY[sdk=iphoneos*]" = "iPhone Developer";
				COPY_PHASE_STRIP = NO;
				DEBUG_INFORMATION_FORMAT = "dwarf-with-dsym";
				ENABLE_NS_ASSERTIONS = NO;
				ENABLE_STRICT_OBJC_MSGSEND = YES;
				GCC_C_LANGUAGE_STANDARD = gnu99;
				GCC_NO_COMMON_BLOCKS = YES;
				GCC_WARN_64_TO_32_BIT_CONVERSION = YES;
				GCC_WARN_ABOUT_RETURN_TYPE = YES_ERROR;
				GCC_WARN_UNDECLARED_SELECTOR = YES;
				GCC_WARN_UNINITIALIZED_AUTOS = YES_AGGRESSIVE;
				GCC_WARN_UNUSED_FUNCTION = YES;
				GCC_WARN_UNUSED_VARIABLE = YES;
				IPHONEOS_DEPLOYMENT_TARGET = 9.2;
				MTL_ENABLE_DEBUG_INFO = NO;
				SDKROOT = iphoneos;
				VALIDATE_PRODUCT = YES;
			};
			name = Release;
		};
		6918A7501CC71BBE009B2A11 /* Debug */ = {
			isa = XCBuildConfiguration;
			buildSettings = {
				ASSETCATALOG_COMPILER_APPICON_NAME = AppIcon;
				INFOPLIST_FILE = HM2/Info.plist;
				LD_RUNPATH_SEARCH_PATHS = "$(inherited) @executable_path/Frameworks";
				PRODUCT_BUNDLE_IDENTIFIER = com.guan.HM2;
				PRODUCT_NAME = "$(TARGET_NAME)";
			};
			name = Debug;
		};
		6918A7511CC71BBE009B2A11 /* Release */ = {
			isa = XCBuildConfiguration;
			buildSettings = {
				ASSETCATALOG_COMPILER_APPICON_NAME = AppIcon;
				INFOPLIST_FILE = HM2/Info.plist;
				LD_RUNPATH_SEARCH_PATHS = "$(inherited) @executable_path/Frameworks";
				PRODUCT_BUNDLE_IDENTIFIER = com.guan.HM2;
				PRODUCT_NAME = "$(TARGET_NAME)";
			};
			name = Release;
		};
		6918A7531CC71BBE009B2A11 /* Debug */ = {
			isa = XCBuildConfiguration;
			buildSettings = {
				BUNDLE_LOADER = "$(TEST_HOST)";
				INFOPLIST_FILE = HM2Tests/Info.plist;
				LD_RUNPATH_SEARCH_PATHS = "$(inherited) @executable_path/Frameworks @loader_path/Frameworks";
				PRODUCT_BUNDLE_IDENTIFIER = com.guan.HM2Tests;
				PRODUCT_NAME = "$(TARGET_NAME)";
				TEST_HOST = "$(BUILT_PRODUCTS_DIR)/HM2.app/HM2";
			};
			name = Debug;
		};
		6918A7541CC71BBE009B2A11 /* Release */ = {
			isa = XCBuildConfiguration;
			buildSettings = {
				BUNDLE_LOADER = "$(TEST_HOST)";
				INFOPLIST_FILE = HM2Tests/Info.plist;
				LD_RUNPATH_SEARCH_PATHS = "$(inherited) @executable_path/Frameworks @loader_path/Frameworks";
				PRODUCT_BUNDLE_IDENTIFIER = com.guan.HM2Tests;
				PRODUCT_NAME = "$(TARGET_NAME)";
				TEST_HOST = "$(BUILT_PRODUCTS_DIR)/HM2.app/HM2";
			};
			name = Release;
		};
		6918A7561CC71BBE009B2A11 /* Debug */ = {
			isa = XCBuildConfiguration;
			buildSettings = {
				INFOPLIST_FILE = HM2UITests/Info.plist;
				LD_RUNPATH_SEARCH_PATHS = "$(inherited) @executable_path/Frameworks @loader_path/Frameworks";
				PRODUCT_BUNDLE_IDENTIFIER = com.guan.HM2UITests;
				PRODUCT_NAME = "$(TARGET_NAME)";
				TEST_TARGET_NAME = HM2;
				USES_XCTRUNNER = YES;
			};
			name = Debug;
		};
		6918A7571CC71BBE009B2A11 /* Release */ = {
			isa = XCBuildConfiguration;
			buildSettings = {
				INFOPLIST_FILE = HM2UITests/Info.plist;
				LD_RUNPATH_SEARCH_PATHS = "$(inherited) @executable_path/Frameworks @loader_path/Frameworks";
				PRODUCT_BUNDLE_IDENTIFIER = com.guan.HM2UITests;
				PRODUCT_NAME = "$(TARGET_NAME)";
				TEST_TARGET_NAME = HM2;
				USES_XCTRUNNER = YES;
			};
			name = Release;
		};
/* End XCBuildConfiguration section */

/* Begin XCConfigurationList section */
		6918A71D1CC71BBE009B2A11 /* Build configuration list for PBXProject "HM2" */ = {
			isa = XCConfigurationList;
			buildConfigurations = (
				6918A74D1CC71BBE009B2A11 /* Debug */,
				6918A74E1CC71BBE009B2A11 /* Release */,
			);
			defaultConfigurationIsVisible = 0;
			defaultConfigurationName = Release;
		};
		6918A74F1CC71BBE009B2A11 /* Build configuration list for PBXNativeTarget "HM2" */ = {
			isa = XCConfigurationList;
			buildConfigurations = (
				6918A7501CC71BBE009B2A11 /* Debug */,
				6918A7511CC71BBE009B2A11 /* Release */,
			);
			defaultConfigurationIsVisible = 0;
		};
		6918A7521CC71BBE009B2A11 /* Build configuration list for PBXNativeTarget "HM2Tests" */ = {
			isa = XCConfigurationList;
			buildConfigurations = (
				6918A7531CC71BBE009B2A11 /* Debug */,
				6918A7541CC71BBE009B2A11 /* Release */,
			);
			defaultConfigurationIsVisible = 0;
		};
		6918A7551CC71BBE009B2A11 /* Build configuration list for PBXNativeTarget "HM2UITests" */ = {
			isa = XCConfigurationList;
			buildConfigurations = (
				6918A7561CC71BBE009B2A11 /* Debug */,
				6918A7571CC71BBE009B2A11 /* Release */,
			);
			defaultConfigurationIsVisible = 0;
		};
/* End XCConfigurationList section */
	};
	rootObject = 6918A71A1CC71BBE009B2A11 /* Project object */;
}
